
Microsoft Visual Studio Solution File, Format Version 12.00
# Visual Studio Version 16
VisualStudioVersion = 16.0.31129.286
MinimumVisualStudioVersion = 10.0.40219.1
Project("{FAE04EC0-301F-11D3-BF4B-00C04F79EFBC}") = "PizzaBox.Client", "PizzaBox.Client\PizzaBox.Client.csproj", "{50A02CBB-C2C7-4F3A-ABC4-4644A5BC58EA}"
EndProject
Global
	GlobalSection(SolutionConfigurationPlatforms) = preSolution
		Debug|Any CPU = Debug|Any CPU
		Release|Any CPU = Release|Any CPU
	EndGlobalSection
	GlobalSection(ProjectConfigurationPlatforms) = postSolution
		{50A02CBB-C2C7-4F3A-ABC4-4644A5BC58EA}.Debug|Any CPU.ActiveCfg = Debug|Any CPU
		{50A02CBB-C2C7-4F3A-ABC4-4644A5BC58EA}.Debug|Any CPU.Build.0 = Debug|Any CPU
		{50A02CBB-C2C7-4F3A-ABC4-4644A5BC58EA}.Release|Any CPU.ActiveCfg = Release|Any CPU
		{50A02CBB-C2C7-4F3A-ABC4-4644A5BC58EA}.Release|Any CPU.Build.0 = Release|Any CPU
	EndGlobalSection
	GlobalSection(SolutionProperties) = preSolution
		HideSolutionNode = FALSE
	EndGlobalSection
	GlobalSection(ExtensibilityGlobals) = postSolution
		SolutionGuid = {238FB521-069D-415D-8234-102A519F6A73}
	EndGlobalSection
EndGlobal
